Microsoft Visual Studio Solution File, Format Version 11.00
# Visual Studio 2008

Project("{947458DA-516B-EBCE-98F5-B2B50ABDE83C}") = "new_presidential_panic", "Assembly-CSharp.csproj", "{31CFE619-EEB4-F661-1511-7DE11F941911}"
EndProject
Global
	GlobalSection(SolutionConfigurationPlatforms) = preSolution
		Debug|Any CPU = Debug|Any CPU
		Release|Any CPU = Release|Any CPU
	EndGlobalSection
	GlobalSection(ProjectConfigurationPlatforms) = postSolution
		{31CFE619-EEB4-F661-1511-7DE11F941911}.Debug|Any CPU.ActiveCfg = Debug|Any CPU
		{31CFE619-EEB4-F661-1511-7DE11F941911}.Debug|Any CPU.Build.0 = Debug|Any CPU
		{31CFE619-EEB4-F661-1511-7DE11F941911}.Release|Any CPU.ActiveCfg = Release|Any CPU
		{31CFE619-EEB4-F661-1511-7DE11F941911}.Release|Any CPU.Build.0 = Release|Any CPU
	EndGlobalSection
	GlobalSection(SolutionProperties) = preSolution
		HideSolutionNode = FALSE
	EndGlobalSection
	GlobalSection(MonoDevelopProperties) = preSolution
		StartupItem = Assembly-CSharp.csproj
	EndGlobalSection
EndGlobal
